// !$*UTF8*$!
{
	archiveVersion = 1;
	classes = {
	};
	objectVersion = 56;
	objects = {

/* Begin PBXBuildFile section */
		3C01F2232970D54800E9BA48 /* main.cpp in Sources */ = {isa = PBXBuildFile; fileRef = 3C01F2222970D54800E9BA48 /* main.cpp */; };
		3C01F22B2970D56300E9BA48 /* Instructor.cpp in Sources */ = {isa = PBXBuildFile; fileRef = 3C01F2292970D56300E9BA48 /* Instructor.cpp */; };
		3C01F22E2970D57A00E9BA48 /* TextBook.cpp in Sources */ = {isa = PBXBuildFile; fileRef = 3C01F22C2970D57A00E9BA48 /* TextBook.cpp */; };
		3C01F2312970D58400E9BA48 /* Course.cpp in Sources */ = {isa = PBXBuildFile; fileRef = 3C01F22F2970D58400E9BA48 /* Course.cpp */; };
/* End PBXBuildFile section */

/* Begin PBXCopyFilesBuildPhase section */
		3C01F21D2970D54800E9BA48 /* CopyFiles */ = {
			isa = PBXCopyFilesBuildPhase;
			buildActionMask = 2147483647;
			dstPath = /usr/share/man/man1/;
			dstSubfolderSpec = 0;
			files = (
			);
			runOnlyForDeploymentPostprocessing = 1;
		};
/* End PBXCopyFilesBuildPhase section */

/* Begin PBXFileReference section */
		3C01F21F2970D54800E9BA48 /* Actividad7-1 */ = {isa = PBXFileReference; explicitFileType = "compiled.mach-o.executable"; includeInIndex = 0; path = "Actividad7-1"; sourceTree = BUILT_PRODUCTS_DIR; };
		3C01F2222970D54800E9BA48 /* main.cpp */ = {isa = PBXFileReference; lastKnownFileType = sourcecode.cpp.cpp; path = main.cpp; sourceTree = "<group>"; };
		3C01F2292970D56300E9BA48 /* Instructor.cpp */ = {isa = PBXFileReference; lastKnownFileType = sourcecode.cpp.cpp; path = Instructor.cpp; sourceTree = "<group>"; };
		3C01F22A2970D56300E9BA48 /* Instructor.hpp */ = {isa = PBXFileReference; lastKnownFileType = sourcecode.cpp.h; path = Instructor.hpp; sourceTree = "<group>"; };
		3C01F22C2970D57A00E9BA48 /* TextBook.cpp */ = {isa = PBXFileReference; lastKnownFileType = sourcecode.cpp.cpp; path = TextBook.cpp; sourceTree = "<group>"; };
		3C01F22D2970D57A00E9BA48 /* TextBook.hpp */ = {isa = PBXFileReference; lastKnownFileType = sourcecode.cpp.h; path = TextBook.hpp; sourceTree = "<group>"; };
		3C01F22F2970D58400E9BA48 /* Course.cpp */ = {isa = PBXFileReference; lastKnownFileType = sourcecode.cpp.cpp; path = Course.cpp; sourceTree = "<group>"; };
		3C01F2302970D58400E9BA48 /* Course.hpp */ = {isa = PBXFileReference; lastKnownFileType = sourcecode.cpp.h; path = Course.hpp; sourceTree = "<group>"; };
/* End PBXFileReference section */

/* Begin PBXFrameworksBuildPhase section */
		3C01F21C2970D54800E9BA48 /* Frameworks */ = {
			isa = PBXFrameworksBuildPhase;
			buildActionMask = 2147483647;
			files = (
			);
			runOnlyForDeploymentPostprocessing = 0;
		};
/* End PBXFrameworksBuildPhase section */

/* Begin PBXGroup section */
		3C01F2162970D54800E9BA48 = {
			isa = PBXGroup;
			children = (
				3C01F2212970D54800E9BA48 /* Actividad7-1 */,
				3C01F2202970D54800E9BA48 /* Products */,
			);
			sourceTree = "<group>";
		};
		3C01F2202970D54800E9BA48 /* Products */ = {
			isa = PBXGroup;
			children = (
				3C01F21F2970D54800E9BA48 /* Actividad7-1 */,
			);
			name = Products;
			sourceTree = "<group>";
		};
		3C01F2212970D54800E9BA48 /* Actividad7-1 */ = {
			isa = PBXGroup;
			children = (
				3C01F2222970D54800E9BA48 /* main.cpp */,
				3C01F22F2970D58400E9BA48 /* Course.cpp */,
				3C01F2302970D58400E9BA48 /* Course.hpp */,
				3C01F22C2970D57A00E9BA48 /* TextBook.cpp */,
				3C01F22D2970D57A00E9BA48 /* TextBook.hpp */,
				3C01F2292970D56300E9BA48 /* Instructor.cpp */,
				3C01F22A2970D56300E9BA48 /* Instructor.hpp */,
			);
			path = "Actividad7-1";
			sourceTree = "<group>";
		};
/* End PBXGroup section */

/* Begin PBXNativeTarget section */
		3C01F21E2970D54800E9BA48 /* Actividad7-1 */ = {
			isa = PBXNativeTarget;
			buildConfigurationList = 3C01F2262970D54800E9BA48 /* Build configuration list for PBXNativeTarget "Actividad7-1" */;
			buildPhases = (
				3C01F21B2970D54800E9BA48 /* Sources */,
				3C01F21C2970D54800E9BA48 /* Frameworks */,
				3C01F21D2970D54800E9BA48 /* CopyFiles */,
			);
			buildRules = (
			);
			dependencies = (
			);
			name = "Actividad7-1";
			productName = "Actividad7-1";
			productReference = 3C01F21F2970D54800E9BA48 /* Actividad7-1 */;
			productType = "com.apple.product-type.tool";
		};
/* End PBXNativeTarget section */

/* Begin PBXProject section */
		3C01F2172970D54800E9BA48 /* Project object */ = {
			isa = PBXProject;
			attributes = {
				BuildIndependentTargetsInParallel = 1;
				LastUpgradeCheck = 1420;
				TargetAttributes = {
					3C01F21E2970D54800E9BA48 = {
						CreatedOnToolsVersion = 14.2;
					};
				};
			};
			buildConfigurationList = 3C01F21A2970D54800E9BA48 /* Build configuration list for PBXProject "Actividad7-1" */;
			compatibilityVersion = "Xcode 14.0";
			developmentRegion = en;
			hasScannedForEncodings = 0;
			knownRegions = (
				en,
				Base,
			);
			mainGroup = 3C01F2162970D54800E9BA48;
			productRefGroup = 3C01F2202970D54800E9BA48 /* Products */;
			projectDirPath = "";
			projectRoot = "";
			targets = (
				3C01F21E2970D54800E9BA48 /* Actividad7-1 */,
			);
		};
/* End PBXProject section */

/* Begin PBXSourcesBuildPhase section */
		3C01F21B2970D54800E9BA48 /* Sources */ = {
			isa = PBXSourcesBuildPhase;
			buildActionMask = 2147483647;
			files = (
				3C01F2312970D58400E9BA48 /* Course.cpp in Sources */,
				3C01F22B2970D56300E9BA48 /* Instructor.cpp in Sources */,
				3C01F2232970D54800E9BA48 /* main.cpp in Sources */,
				3C01F22E2970D57A00E9BA48 /* TextBook.cpp in Sources */,
			);
			runOnlyForDeploymentPostprocessing = 0;
		};
/* End PBXSourcesBuildPhase section */

/* Begin XCBuildConfiguration section */
		3C01F2242970D54800E9BA48 /* Debug */ = {
			isa = XCBuildConfiguration;
			buildSettings = {
				ALWAYS_SEARCH_USER_PATHS = NO;
				CLANG_ANALYZER_NONNULL = YES;
				CLANG_ANALYZER_NUMBER_OBJECT_CONVERSION = YES_AGGRESSIVE;
				CLANG_CXX_LANGUAGE_STANDARD = "gnu++20";
				CLANG_ENABLE_MODULES = YES;
				CLANG_ENABLE_OBJC_ARC = YES;
				CLANG_ENABLE_OBJC_WEAK = YES;
				CLANG_WARN_BLOCK_CAPTURE_AUTORELEASING = YES;
				CLANG_WARN_BOOL_CONVERSION = YES;
				CLANG_WARN_COMMA = YES;
				CLANG_WARN_CONSTANT_CONVERSION = YES;
				CLANG_WARN_DEPRECATED_OBJC_IMPLEMENTATIONS = YES;
				CLANG_WARN_DIRECT_OBJC_ISA_USAGE = YES_ERROR;
				CLANG_WARN_DOCUMENTATION_COMMENTS = YES;
				CLANG_WARN_EMPTY_BODY = YES;
				CLANG_WARN_ENUM_CONVERSION = YES;
				CLANG_WARN_INFINITE_RECURSION = YES;
				CLANG_WARN_INT_CONVERSION = YES;
				CLANG_WARN_NON_LITERAL_NULL_CONVERSION = YES;
				CLANG_WARN_OBJC_IMPLICIT_RETAIN_SELF = YES;
				CLANG_WARN_OBJC_LITERAL_CONVERSION = YES;
				CLANG_WARN_OBJC_ROOT_CLASS = YES_ERROR;
				CLANG_WARN_QUOTED_INCLUDE_IN_FRAMEWORK_HEADER = YES;
				CLANG_WARN_RANGE_LOOP_ANALYSIS = YES;
				CLANG_WARN_STRICT_PROTOTYPES = YES;
				CLANG_WARN_SUSPICIOUS_MOVE = YES;
				CLANG_WARN_UNGUARDED_AVAILABILITY = YES_AGGRESSIVE;
				CLANG_WARN_UNREACHABLE_CODE = YES;
				CLANG_WARN__DUPLICATE_METHOD_MATCH = YES;
				COPY_PHASE_STRIP = NO;
				DEBUG_INFORMATION_FORMAT = dwarf;
				ENABLE_STRICT_OBJC_MSGSEND = YES;
				ENABLE_TESTABILITY = YES;
				GCC_C_LANGUAGE_STANDARD = gnu11;
				GCC_DYNAMIC_NO_PIC = NO;
				GCC_NO_COMMON_BLOCKS = YES;
				GCC_OPTIMIZATION_LEVEL = 0;
				GCC_PREPROCESSOR_DEFINITIONS = (
					"DEBUG=1",
					"$(inherited)",
				);
				GCC_WARN_64_TO_32_BIT_CONVERSION = YES;
				GCC_WARN_ABOUT_RETURN_TYPE = YES_ERROR;
				GCC_WARN_UNDECLARED_SELECTOR = YES;
				GCC_WARN_UNINITIALIZED_AUTOS = YES_AGGRESSIVE;
				GCC_WARN_UNUSED_FUNCTION = YES;
				GCC_WARN_UNUSED_VARIABLE = YES;
				MACOSX_DEPLOYMENT_TARGET = 13.0;
				MTL_ENABLE_DEBUG_INFO = INCLUDE_SOURCE;
				MTL_FAST_MATH = YES;
				ONLY_ACTIVE_ARCH = YES;
				SDKROOT = macosx;
			};
			name = Debug;
		};
		3C01F2252970D54800E9BA48 /* Release */ = {
			isa = XCBuildConfiguration;
			buildSettings = {
				ALWAYS_SEARCH_USER_PATHS = NO;
				CLANG_ANALYZER_NONNULL = YES;
				CLANG_ANALYZER_NUMBER_OBJECT_CONVERSION = YES_AGGRESSIVE;
				CLANG_CXX_LANGUAGE_STANDARD = "gnu++20";
				CLANG_ENABLE_MODULES = YES;
				CLANG_ENABLE_OBJC_ARC = YES;
				CLANG_ENABLE_OBJC_WEAK = YES;
				CLANG_WARN_BLOCK_CAPTURE_AUTORELEASING = YES;
				CLANG_WARN_BOOL_CONVERSION = YES;
				CLANG_WARN_COMMA = YES;
				CLANG_WARN_CONSTANT_CONVERSION = YES;
				CLANG_WARN_DEPRECATED_OBJC_IMPLEMENTATIONS = YES;
				CLANG_WARN_DIRECT_OBJC_ISA_USAGE = YES_ERROR;
				CLANG_WARN_DOCUMENTATION_COMMENTS = YES;
				CLANG_WARN_EMPTY_BODY = YES;
				CLANG_WARN_ENUM_CONVERSION = YES;
				CLANG_WARN_INFINITE_RECURSION = YES;
				CLANG_WARN_INT_CONVERSION = YES;
				CLANG_WARN_NON_LITERAL_NULL_CONVERSION = YES;
				CLANG_WARN_OBJC_IMPLICIT_RETAIN_SELF = YES;
				CLANG_WARN_OBJC_LITERAL_CONVERSION = YES;
				CLANG_WARN_OBJC_ROOT_CLASS = YES_ERROR;
				CLANG_WARN_QUOTED_INCLUDE_IN_FRAMEWORK_HEADER = YES;
				CLANG_WARN_RANGE_LOOP_ANALYSIS = YES;
				CLANG_WARN_STRICT_PROTOTYPES = YES;
				CLANG_WARN_SUSPICIOUS_MOVE = YES;
				CLANG_WARN_UNGUARDED_AVAILABILITY = YES_AGGRESSIVE;
				CLANG_WARN_UNREACHABLE_CODE = YES;
				CLANG_WARN__DUPLICATE_METHOD_MATCH = YES;
				COPY_PHASE_STRIP = NO;
				DEBUG_INFORMATION_FORMAT = "dwarf-with-dsym";
				ENABLE_NS_ASSERTIONS = NO;
				ENABLE_STRICT_OBJC_MSGSEND = YES;
				GCC_C_LANGUAGE_STANDARD = gnu11;
				GCC_NO_COMMON_BLOCKS = YES;
				GCC_WARN_64_TO_32_BIT_CONVERSION = YES;
				GCC_WARN_ABOUT_RETURN_TYPE = YES_ERROR;
				GCC_WARN_UNDECLARED_SELECTOR = YES;
				GCC_WARN_UNINITIALIZED_AUTOS = YES_AGGRESSIVE;
				GCC_WARN_UNUSED_FUNCTION = YES;
				GCC_WARN_UNUSED_VARIABLE = YES;
				MACOSX_DEPLOYMENT_TARGET = 13.0;
				MTL_ENABLE_DEBUG_INFO = NO;
				MTL_FAST_MATH = YES;
				SDKROOT = macosx;
			};
			name = Release;
		};
		3C01F2272970D54800E9BA48 /* Debug */ = {
			isa = XCBuildConfiguration;
			buildSettings = {
				CODE_SIGN_STYLE = Automatic;
				PRODUCT_NAME = "$(TARGET_NAME)";
			};
			name = Debug;
		};
		3C01F2282970D54800E9BA48 /* Release */ = {
			isa = XCBuildConfiguration;
			buildSettings = {
				CODE_SIGN_STYLE = Automatic;
				PRODUCT_NAME = "$(TARGET_NAME)";
			};
			name = Release;
		};
/* End XCBuildConfiguration section */

/* Begin XCConfigurationList section */
		3C01F21A2970D54800E9BA48 /* Build configuration list for PBXProject "Actividad7-1" */ = {
			isa = XCConfigurationList;
			buildConfigurations = (
				3C01F2242970D54800E9BA48 /* Debug */,
				3C01F2252970D54800E9BA48 /* Release */,
			);
			defaultConfigurationIsVisible = 0;
			defaultConfigurationName = Release;
		};
		3C01F2262970D54800E9BA48 /* Build configuration list for PBXNativeTarget "Actividad7-1" */ = {
			isa = XCConfigurationList;
			buildConfigurations = (
				3C01F2272970D54800E9BA48 /* Debug */,
				3C01F2282970D54800E9BA48 /* Release */,
			);
			defaultConfigurationIsVisible = 0;
			defaultConfigurationName = Release;
		};
/* End XCConfigurationList section */
	};
	rootObject = 3C01F2172970D54800E9BA48 /* Project object */;
}
